
Microsoft Visual Studio Solution File, Format Version 12.00
# Visual Studio Version 16
VisualStudioVersion = 16.0.29215.179
MinimumVisualStudioVersion = 10.0.40219.1
Project("{FAE04EC0-301F-11D3-BF4B-00C04F79EFBC}") = "asp-donet-web-portal", "asp-donet-web-portal.csproj", "{2F604C14-73A0-470D-8F7B-5FC2595CEBB6}"
EndProject
Global
	GlobalSection(SolutionConfigurationPlatforms) = preSolution
		Debug|Any CPU = Debug|Any CPU
		Release|Any CPU = Release|Any CPU
	EndGlobalSection
	GlobalSection(ProjectConfigurationPlatforms) = postSolution
		{2F604C14-73A0-470D-8F7B-5FC2595CEBB6}.Debug|Any CPU.ActiveCfg = Debug|Any CPU
		{2F604C14-73A0-470D-8F7B-5FC2595CEBB6}.Debug|Any CPU.Build.0 = Debug|Any CPU
		{2F604C14-73A0-470D-8F7B-5FC2595CEBB6}.Release|Any CPU.ActiveCfg = Release|Any CPU
		{2F604C14-73A0-470D-8F7B-5FC2595CEBB6}.Release|Any CPU.Build.0 = Release|Any CPU
	EndGlobalSection
	GlobalSection(SolutionProperties) = preSolution
		HideSolutionNode = FALSE
	EndGlobalSection
	GlobalSection(ExtensibilityGlobals) = postSolution
		SolutionGuid = {9602C543-3679-48FE-8251-C50469C66329}
	EndGlobalSection
EndGlobal
